langcode: en
status: true
dependencies:
  config:
    - block_content.type.raw_html_block
  module:
    - content_translation
  enforced:
    module:
    - cgov_core
third_party_settings:
  content_translation:
    enabled: true
id: block_content.raw_html_block
target_entity_type_id: block_content
target_bundle: raw_html_block
default_langcode: site_default
language_alterable: true
