- entity: "block_content"
  type: "raw_html_block"
  region__CONFIG:
    value: "public_use"
  info: "Public Use Text - English"
  info__ES: "Public Use Text - Spanish"
  langcode: en
  langcode__ES:
    value: es
  status: 1
  body:
    - format: "full_html"
      value: |
        If you would like to reproduce some or all of this content, see Reuse of NCI Information for guidance about copyright and permissions. In the case of permitted digital reproduction, please credit the National Cancer Institute as the source and link to the original NCI product using the original product's title; e.g., “[current-page:title].”
  body__ES:
    - format: "full_html"
      value: |
        SPANISH TRANSLATION OF: If you would like to reproduce some or all of this content, see Reuse of NCI Information for guidance about copyright and permissions. In the case of permitted digital reproduction, please credit the National Cancer Institute as the source and link to the original NCI product using the original product's title; e.g., “[current-page:title].”
